github.com/akhtarfath/SayGoodBye v1.0.5 h1:EbuB6SRTqOjDBTAvu767exL/cwSPAK3w0XtPt34lvc4=
github.com/akhtarfath/SayGoodBye v1.0.5/go.mod h1:0iSBQ7Qg/c2XOahcGbtUbUPHaPqjKBGfknAzARrbycw=
github.com/akhtarfath/SayGoodBye/v2 v2.0.0 h1:LTh4+1qRSpOcoO86PhLjqMCLKvRbMXWbd0fO/dQ9onw=
github.com/akhtarfath/SayGoodBye/v2 v2.0.0/go.mod h1:88V5d5UU7fcQv2xK/cEvE+SanS0ZBretzAg+5+z5dTg=
